
Microsoft Visual Studio Solution File, Format Version 12.00
# Visual Studio Version 16
VisualStudioVersion = 16.0.30002.166
MinimumVisualStudioVersion = 10.0.40219.1
Project("{9A19103F-16F7-4668-BE54-9A1E7A4F7556}") = "Insert", "Intro\Insert.csproj", "{9814681C-B96E-4427-9E0F-2553252E5DEC}"
EndProject
Project("{9A19103F-16F7-4668-BE54-9A1E7A4F7556}") = "TraverseLinkedList", "TraverseLinkedList\TraverseLinkedList.csproj", "{547B8CEF-F602-4D1F-82CD-6A7CC8CB2562}"
EndProject
Global
	GlobalSection(SolutionConfigurationPlatforms) = preSolution
		Debug|Any CPU = Debug|Any CPU
		Release|Any CPU = Release|Any CPU
	EndGlobalSection
	GlobalSection(ProjectConfigurationPlatforms) = postSolution
		{9814681C-B96E-4427-9E0F-2553252E5DEC}.Debug|Any CPU.ActiveCfg = Debug|Any CPU
		{9814681C-B96E-4427-9E0F-2553252E5DEC}.Debug|Any CPU.Build.0 = Debug|Any CPU
		{9814681C-B96E-4427-9E0F-2553252E5DEC}.Release|Any CPU.ActiveCfg = Release|Any CPU
		{9814681C-B96E-4427-9E0F-2553252E5DEC}.Release|Any CPU.Build.0 = Release|Any CPU
		{547B8CEF-F602-4D1F-82CD-6A7CC8CB2562}.Debug|Any CPU.ActiveCfg = Debug|Any CPU
		{547B8CEF-F602-4D1F-82CD-6A7CC8CB2562}.Debug|Any CPU.Build.0 = Debug|Any CPU
		{547B8CEF-F602-4D1F-82CD-6A7CC8CB2562}.Release|Any CPU.ActiveCfg = Release|Any CPU
		{547B8CEF-F602-4D1F-82CD-6A7CC8CB2562}.Release|Any CPU.Build.0 = Release|Any CPU
	EndGlobalSection
	GlobalSection(SolutionProperties) = preSolution
		HideSolutionNode = FALSE
	EndGlobalSection
	GlobalSection(ExtensibilityGlobals) = postSolution
		SolutionGuid = {B2F72727-3ED9-4D0E-9C4A-B8A929040D96}
	EndGlobalSection
EndGlobal
