
Microsoft Visual Studio Solution File, Format Version 12.00
# Visual Studio Version 16
VisualStudioVersion = 16.0.30002.166
MinimumVisualStudioVersion = 10.0.40219.1
Project("{9A19103F-16F7-4668-BE54-9A1E7A4F7556}") = "ReverseString", "StringProblems\ReverseString.csproj", "{F7CCF860-7B16-4895-9158-8F90F6B53C86}"
EndProject
Project("{9A19103F-16F7-4668-BE54-9A1E7A4F7556}") = "LongestPalindrome", "LongestPalindrome\LongestPalindrome.csproj", "{4E8E7E9C-38D3-4812-B55E-DD4C091BA562}"
EndProject
Project("{9A19103F-16F7-4668-BE54-9A1E7A4F7556}") = "Recursion-Factorial", "PermutationString\Recursion-Factorial.csproj", "{46826FAD-E6E7-4B63-BA39-78B7EDFEA4C9}"
EndProject
Project("{9A19103F-16F7-4668-BE54-9A1E7A4F7556}") = "PermutationsOfString", "PermutationsOfString\PermutationsOfString.csproj", "{C0C3046E-5CFC-42D5-8EC3-C7166C2443C8}"
EndProject
Project("{9A19103F-16F7-4668-BE54-9A1E7A4F7556}") = "RemoveDuplicates", "RemoveDuplicates\RemoveDuplicates.csproj", "{66284DF0-4B0C-4F79-AB2C-12D9005170E6}"
EndProject
Project("{9A19103F-16F7-4668-BE54-9A1E7A4F7556}") = "CheckSubstrings", "CheckSubstrings\CheckSubstrings.csproj", "{4C6F7293-4002-4D16-A28B-2DF33D9EDE03}"
EndProject
Project("{2150E333-8FDC-42A3-9474-1A3956D46DE8}") = "Solution Items", "Solution Items", "{7AF3349A-9D36-4411-B435-D368BC84A5A5}"
	ProjectSection(SolutionItems) = preProject
		Doubts.txt = Doubts.txt
		ToContribute_GeekForG.txt = ToContribute_GeekForG.txt
	EndProjectSection
EndProject
Project("{9A19103F-16F7-4668-BE54-9A1E7A4F7556}") = "SmallestWindowOfSearchString", "SmallestWindowOfSearchString\SmallestWindowOfSearchString.csproj", "{32B2FFDF-49B8-43C0-8A59-16E1E6163891}"
EndProject
Project("{9A19103F-16F7-4668-BE54-9A1E7A4F7556}") = "CopyString-Recursion", "CopyString-Recursion\CopyString-Recursion.csproj", "{1BDE6957-8B59-4BC3-8E49-F8061A4C1DCF}"
EndProject
Project("{9A19103F-16F7-4668-BE54-9A1E7A4F7556}") = "Pangram", "Pangram\Pangram.csproj", "{FDFAEED9-83AD-47D3-9459-E653BBA04865}"
EndProject
Project("{9A19103F-16F7-4668-BE54-9A1E7A4F7556}") = "PangrammaticLipogram", "PangrammaticLipogram\PangrammaticLipogram.csproj", "{A404939F-8BDC-4835-A609-FCBB7383A5E1}"
EndProject
Project("{9A19103F-16F7-4668-BE54-9A1E7A4F7556}") = "ChangeString", "ChangeString\ChangeString.csproj", "{65FA4B1E-93CB-4F75-BEB4-B487092E5248}"
EndProject
Project("{9A19103F-16F7-4668-BE54-9A1E7A4F7556}") = "StringsWithKDistinctCharacters", "StringsWithKDistinctCharacters\StringsWithKDistinctCharacters.csproj", "{CCA842A9-A5D6-452A-AD1B-D053F3AE06CE}"
EndProject
Project("{9A19103F-16F7-4668-BE54-9A1E7A4F7556}") = "AlphabetsInSamePosition", "AlphabetsInSamePosition\AlphabetsInSamePosition.csproj", "{996CC4DC-504E-4D89-8761-1069E3DB67E5}"
EndProject
Project("{9A19103F-16F7-4668-BE54-9A1E7A4F7556}") = "KthCharacter", "KthCharacter\KthCharacter.csproj", "{D3BBA8D9-A90C-4244-B8CD-B060613AC3A4}"
EndProject
Project("{9A19103F-16F7-4668-BE54-9A1E7A4F7556}") = "SmallestAndLargestWords", "SmallestAndLargestWords\SmallestAndLargestWords.csproj", "{011C0E78-2E43-45B6-A999-AFE59D5930F2}"
EndProject
Project("{9A19103F-16F7-4668-BE54-9A1E7A4F7556}") = "CountOfSubstringsusinABC", "CountOfSubstringsusinABC\CountOfSubstringsusinABC.csproj", "{B5C80D9F-8B71-43F7-B44A-149432EE99B0}"
EndProject
Project("{9A19103F-16F7-4668-BE54-9A1E7A4F7556}") = "Distinct", "Distinct\Distinct.csproj", "{3CB796C8-6885-4EA1-8957-EAB0B4C9512A}"
EndProject
Project("{9A19103F-16F7-4668-BE54-9A1E7A4F7556}") = "SmallestWindow-Distinct", "SmallestWindow-Distinct\SmallestWindow-Distinct.csproj", "{D9DC8C71-59AE-49E9-8D3A-1B635E77B305}"
EndProject
Project("{9A19103F-16F7-4668-BE54-9A1E7A4F7556}") = "SubstringswithK", "SubstringswithK\SubstringswithK.csproj", "{C337E998-B831-4856-B9F4-DACD9FB36B4B}"
EndProject
Project("{9A19103F-16F7-4668-BE54-9A1E7A4F7556}") = "OddIndexSwap", "OddIndexSwap\OddIndexSwap.csproj", "{4CD07961-DAAC-4282-85D8-19B3308F9E31}"
EndProject
Project("{9A19103F-16F7-4668-BE54-9A1E7A4F7556}") = "DistinctSubstring-SuffixTie", "DistinctSubstring-SuffixTie\DistinctSubstring-SuffixTie.csproj", "{9ED933F9-AC08-431B-ADD7-D4B62C449DEC}"
EndProject
Project("{9A19103F-16F7-4668-BE54-9A1E7A4F7556}") = "RGBCombinations", "RGBCombinations\RGBCombinations.csproj", "{F9629CFB-7177-4753-95AE-1C2899B89F37}"
EndProject
Project("{9A19103F-16F7-4668-BE54-9A1E7A4F7556}") = "CountOfStrings", "CountOfStrings\CountOfStrings.csproj", "{4B368F53-0106-4DCC-BC54-49EB84BBC809}"
EndProject
Project("{9A19103F-16F7-4668-BE54-9A1E7A4F7556}") = "BinaryString-K1s", "BinaryString-K1s\BinaryString-K1s.csproj", "{10B8A4C3-140E-4D3A-9CFB-4EFDBF2F3516}"
EndProject
Project("{9A19103F-16F7-4668-BE54-9A1E7A4F7556}") = "UniqueWords", "UniqueWords\UniqueWords.csproj", "{4CAD56B2-7FCE-46CF-A75A-33AFB0FC8BC2}"
EndProject
Project("{9A19103F-16F7-4668-BE54-9A1E7A4F7556}") = "CommonCharacters", "CommonCharacters\CommonCharacters.csproj", "{DE9BA521-84CA-4BE1-92D4-7150524838F9}"
EndProject
Project("{9A19103F-16F7-4668-BE54-9A1E7A4F7556}") = "CommonCharacterNStrings", "CommonCharacterNStrings\CommonCharacterNStrings.csproj", "{4B8FF2CA-EA95-4883-A8B7-55BD0492702F}"
EndProject
Project("{9A19103F-16F7-4668-BE54-9A1E7A4F7556}") = "UncommonWords", "UncommonWords\UncommonWords.csproj", "{AD6B8E8F-2850-46E3-8B0F-1530ACD95DFA}"
EndProject
Project("{FAE04EC0-301F-11D3-BF4B-00C04F79EFBC}") = "ConcatUncommon", "ConcatUncommon\ConcatUncommon.csproj", "{5A796014-FE94-494A-A33E-FF321D69329C}"
EndProject
Project("{FAE04EC0-301F-11D3-BF4B-00C04F79EFBC}") = "RemoveVowels", "RemoveVowels\RemoveVowels.csproj", "{69C10372-76E7-4DA5-93C0-DBCC5FF6DAA1}"
EndProject
Project("{FAE04EC0-301F-11D3-BF4B-00C04F79EFBC}") = "ConsecutiveVowels", "ConsecutiveVowels\ConsecutiveVowels.csproj", "{83C37C47-5777-4D0F-B337-20D426F5D449}"
EndProject
Global
	GlobalSection(SolutionConfigurationPlatforms) = preSolution
		Debug|Any CPU = Debug|Any CPU
		Release|Any CPU = Release|Any CPU
	EndGlobalSection
	GlobalSection(ProjectConfigurationPlatforms) = postSolution
		{F7CCF860-7B16-4895-9158-8F90F6B53C86}.Debug|Any CPU.ActiveCfg = Debug|Any CPU
		{F7CCF860-7B16-4895-9158-8F90F6B53C86}.Debug|Any CPU.Build.0 = Debug|Any CPU
		{F7CCF860-7B16-4895-9158-8F90F6B53C86}.Release|Any CPU.ActiveCfg = Release|Any CPU
		{F7CCF860-7B16-4895-9158-8F90F6B53C86}.Release|Any CPU.Build.0 = Release|Any CPU
		{4E8E7E9C-38D3-4812-B55E-DD4C091BA562}.Debug|Any CPU.ActiveCfg = Debug|Any CPU
		{4E8E7E9C-38D3-4812-B55E-DD4C091BA562}.Debug|Any CPU.Build.0 = Debug|Any CPU
		{4E8E7E9C-38D3-4812-B55E-DD4C091BA562}.Release|Any CPU.ActiveCfg = Release|Any CPU
		{4E8E7E9C-38D3-4812-B55E-DD4C091BA562}.Release|Any CPU.Build.0 = Release|Any CPU
		{46826FAD-E6E7-4B63-BA39-78B7EDFEA4C9}.Debug|Any CPU.ActiveCfg = Debug|Any CPU
		{46826FAD-E6E7-4B63-BA39-78B7EDFEA4C9}.Debug|Any CPU.Build.0 = Debug|Any CPU
		{46826FAD-E6E7-4B63-BA39-78B7EDFEA4C9}.Release|Any CPU.ActiveCfg = Release|Any CPU
		{46826FAD-E6E7-4B63-BA39-78B7EDFEA4C9}.Release|Any CPU.Build.0 = Release|Any CPU
		{C0C3046E-5CFC-42D5-8EC3-C7166C2443C8}.Debug|Any CPU.ActiveCfg = Debug|Any CPU
		{C0C3046E-5CFC-42D5-8EC3-C7166C2443C8}.Debug|Any CPU.Build.0 = Debug|Any CPU
		{C0C3046E-5CFC-42D5-8EC3-C7166C2443C8}.Release|Any CPU.ActiveCfg = Release|Any CPU
		{C0C3046E-5CFC-42D5-8EC3-C7166C2443C8}.Release|Any CPU.Build.0 = Release|Any CPU
		{66284DF0-4B0C-4F79-AB2C-12D9005170E6}.Debug|Any CPU.ActiveCfg = Debug|Any CPU
		{66284DF0-4B0C-4F79-AB2C-12D9005170E6}.Debug|Any CPU.Build.0 = Debug|Any CPU
		{66284DF0-4B0C-4F79-AB2C-12D9005170E6}.Release|Any CPU.ActiveCfg = Release|Any CPU
		{66284DF0-4B0C-4F79-AB2C-12D9005170E6}.Release|Any CPU.Build.0 = Release|Any CPU
		{4C6F7293-4002-4D16-A28B-2DF33D9EDE03}.Debug|Any CPU.ActiveCfg = Debug|Any CPU
		{4C6F7293-4002-4D16-A28B-2DF33D9EDE03}.Debug|Any CPU.Build.0 = Debug|Any CPU
		{4C6F7293-4002-4D16-A28B-2DF33D9EDE03}.Release|Any CPU.ActiveCfg = Release|Any CPU
		{4C6F7293-4002-4D16-A28B-2DF33D9EDE03}.Release|Any CPU.Build.0 = Release|Any CPU
		{32B2FFDF-49B8-43C0-8A59-16E1E6163891}.Debug|Any CPU.ActiveCfg = Debug|Any CPU
		{32B2FFDF-49B8-43C0-8A59-16E1E6163891}.Debug|Any CPU.Build.0 = Debug|Any CPU
		{32B2FFDF-49B8-43C0-8A59-16E1E6163891}.Release|Any CPU.ActiveCfg = Release|Any CPU
		{32B2FFDF-49B8-43C0-8A59-16E1E6163891}.Release|Any CPU.Build.0 = Release|Any CPU
		{1BDE6957-8B59-4BC3-8E49-F8061A4C1DCF}.Debug|Any CPU.ActiveCfg = Debug|Any CPU
		{1BDE6957-8B59-4BC3-8E49-F8061A4C1DCF}.Debug|Any CPU.Build.0 = Debug|Any CPU
		{1BDE6957-8B59-4BC3-8E49-F8061A4C1DCF}.Release|Any CPU.ActiveCfg = Release|Any CPU
		{1BDE6957-8B59-4BC3-8E49-F8061A4C1DCF}.Release|Any CPU.Build.0 = Release|Any CPU
		{FDFAEED9-83AD-47D3-9459-E653BBA04865}.Debug|Any CPU.ActiveCfg = Debug|Any CPU
		{FDFAEED9-83AD-47D3-9459-E653BBA04865}.Debug|Any CPU.Build.0 = Debug|Any CPU
		{FDFAEED9-83AD-47D3-9459-E653BBA04865}.Release|Any CPU.ActiveCfg = Release|Any CPU
		{FDFAEED9-83AD-47D3-9459-E653BBA04865}.Release|Any CPU.Build.0 = Release|Any CPU
		{A404939F-8BDC-4835-A609-FCBB7383A5E1}.Debug|Any CPU.ActiveCfg = Debug|Any CPU
		{A404939F-8BDC-4835-A609-FCBB7383A5E1}.Debug|Any CPU.Build.0 = Debug|Any CPU
		{A404939F-8BDC-4835-A609-FCBB7383A5E1}.Release|Any CPU.ActiveCfg = Release|Any CPU
		{A404939F-8BDC-4835-A609-FCBB7383A5E1}.Release|Any CPU.Build.0 = Release|Any CPU
		{65FA4B1E-93CB-4F75-BEB4-B487092E5248}.Debug|Any CPU.ActiveCfg = Debug|Any CPU
		{65FA4B1E-93CB-4F75-BEB4-B487092E5248}.Debug|Any CPU.Build.0 = Debug|Any CPU
		{65FA4B1E-93CB-4F75-BEB4-B487092E5248}.Release|Any CPU.ActiveCfg = Release|Any CPU
		{65FA4B1E-93CB-4F75-BEB4-B487092E5248}.Release|Any CPU.Build.0 = Release|Any CPU
		{CCA842A9-A5D6-452A-AD1B-D053F3AE06CE}.Debug|Any CPU.ActiveCfg = Debug|Any CPU
		{CCA842A9-A5D6-452A-AD1B-D053F3AE06CE}.Debug|Any CPU.Build.0 = Debug|Any CPU
		{CCA842A9-A5D6-452A-AD1B-D053F3AE06CE}.Release|Any CPU.ActiveCfg = Release|Any CPU
		{CCA842A9-A5D6-452A-AD1B-D053F3AE06CE}.Release|Any CPU.Build.0 = Release|Any CPU
		{996CC4DC-504E-4D89-8761-1069E3DB67E5}.Debug|Any CPU.ActiveCfg = Debug|Any CPU
		{996CC4DC-504E-4D89-8761-1069E3DB67E5}.Debug|Any CPU.Build.0 = Debug|Any CPU
		{996CC4DC-504E-4D89-8761-1069E3DB67E5}.Release|Any CPU.ActiveCfg = Release|Any CPU
		{996CC4DC-504E-4D89-8761-1069E3DB67E5}.Release|Any CPU.Build.0 = Release|Any CPU
		{D3BBA8D9-A90C-4244-B8CD-B060613AC3A4}.Debug|Any CPU.ActiveCfg = Debug|Any CPU
		{D3BBA8D9-A90C-4244-B8CD-B060613AC3A4}.Debug|Any CPU.Build.0 = Debug|Any CPU
		{D3BBA8D9-A90C-4244-B8CD-B060613AC3A4}.Release|Any CPU.ActiveCfg = Release|Any CPU
		{D3BBA8D9-A90C-4244-B8CD-B060613AC3A4}.Release|Any CPU.Build.0 = Release|Any CPU
		{011C0E78-2E43-45B6-A999-AFE59D5930F2}.Debug|Any CPU.ActiveCfg = Debug|Any CPU
		{011C0E78-2E43-45B6-A999-AFE59D5930F2}.Debug|Any CPU.Build.0 = Debug|Any CPU
		{011C0E78-2E43-45B6-A999-AFE59D5930F2}.Release|Any CPU.ActiveCfg = Release|Any CPU
		{011C0E78-2E43-45B6-A999-AFE59D5930F2}.Release|Any CPU.Build.0 = Release|Any CPU
		{B5C80D9F-8B71-43F7-B44A-149432EE99B0}.Debug|Any CPU.ActiveCfg = Debug|Any CPU
		{B5C80D9F-8B71-43F7-B44A-149432EE99B0}.Debug|Any CPU.Build.0 = Debug|Any CPU
		{B5C80D9F-8B71-43F7-B44A-149432EE99B0}.Release|Any CPU.ActiveCfg = Release|Any CPU
		{B5C80D9F-8B71-43F7-B44A-149432EE99B0}.Release|Any CPU.Build.0 = Release|Any CPU
		{3CB796C8-6885-4EA1-8957-EAB0B4C9512A}.Debug|Any CPU.ActiveCfg = Debug|Any CPU
		{3CB796C8-6885-4EA1-8957-EAB0B4C9512A}.Debug|Any CPU.Build.0 = Debug|Any CPU
		{3CB796C8-6885-4EA1-8957-EAB0B4C9512A}.Release|Any CPU.ActiveCfg = Release|Any CPU
		{3CB796C8-6885-4EA1-8957-EAB0B4C9512A}.Release|Any CPU.Build.0 = Release|Any CPU
		{D9DC8C71-59AE-49E9-8D3A-1B635E77B305}.Debug|Any CPU.ActiveCfg = Debug|Any CPU
		{D9DC8C71-59AE-49E9-8D3A-1B635E77B305}.Debug|Any CPU.Build.0 = Debug|Any CPU
		{D9DC8C71-59AE-49E9-8D3A-1B635E77B305}.Release|Any CPU.ActiveCfg = Release|Any CPU
		{D9DC8C71-59AE-49E9-8D3A-1B635E77B305}.Release|Any CPU.Build.0 = Release|Any CPU
		{C337E998-B831-4856-B9F4-DACD9FB36B4B}.Debug|Any CPU.ActiveCfg = Debug|Any CPU
		{C337E998-B831-4856-B9F4-DACD9FB36B4B}.Debug|Any CPU.Build.0 = Debug|Any CPU
		{C337E998-B831-4856-B9F4-DACD9FB36B4B}.Release|Any CPU.ActiveCfg = Release|Any CPU
		{C337E998-B831-4856-B9F4-DACD9FB36B4B}.Release|Any CPU.Build.0 = Release|Any CPU
		{4CD07961-DAAC-4282-85D8-19B3308F9E31}.Debug|Any CPU.ActiveCfg = Debug|Any CPU
		{4CD07961-DAAC-4282-85D8-19B3308F9E31}.Debug|Any CPU.Build.0 = Debug|Any CPU
		{4CD07961-DAAC-4282-85D8-19B3308F9E31}.Release|Any CPU.ActiveCfg = Release|Any CPU
		{4CD07961-DAAC-4282-85D8-19B3308F9E31}.Release|Any CPU.Build.0 = Release|Any CPU
		{9ED933F9-AC08-431B-ADD7-D4B62C449DEC}.Debug|Any CPU.ActiveCfg = Debug|Any CPU
		{9ED933F9-AC08-431B-ADD7-D4B62C449DEC}.Debug|Any CPU.Build.0 = Debug|Any CPU
		{9ED933F9-AC08-431B-ADD7-D4B62C449DEC}.Release|Any CPU.ActiveCfg = Release|Any CPU
		{9ED933F9-AC08-431B-ADD7-D4B62C449DEC}.Release|Any CPU.Build.0 = Release|Any CPU
		{F9629CFB-7177-4753-95AE-1C2899B89F37}.Debug|Any CPU.ActiveCfg = Debug|Any CPU
		{F9629CFB-7177-4753-95AE-1C2899B89F37}.Debug|Any CPU.Build.0 = Debug|Any CPU
		{F9629CFB-7177-4753-95AE-1C2899B89F37}.Release|Any CPU.ActiveCfg = Release|Any CPU
		{F9629CFB-7177-4753-95AE-1C2899B89F37}.Release|Any CPU.Build.0 = Release|Any CPU
		{4B368F53-0106-4DCC-BC54-49EB84BBC809}.Debug|Any CPU.ActiveCfg = Debug|Any CPU
		{4B368F53-0106-4DCC-BC54-49EB84BBC809}.Debug|Any CPU.Build.0 = Debug|Any CPU
		{4B368F53-0106-4DCC-BC54-49EB84BBC809}.Release|Any CPU.ActiveCfg = Release|Any CPU
		{4B368F53-0106-4DCC-BC54-49EB84BBC809}.Release|Any CPU.Build.0 = Release|Any CPU
		{10B8A4C3-140E-4D3A-9CFB-4EFDBF2F3516}.Debug|Any CPU.ActiveCfg = Debug|Any CPU
		{10B8A4C3-140E-4D3A-9CFB-4EFDBF2F3516}.Debug|Any CPU.Build.0 = Debug|Any CPU
		{10B8A4C3-140E-4D3A-9CFB-4EFDBF2F3516}.Release|Any CPU.ActiveCfg = Release|Any CPU
		{10B8A4C3-140E-4D3A-9CFB-4EFDBF2F3516}.Release|Any CPU.Build.0 = Release|Any CPU
		{4CAD56B2-7FCE-46CF-A75A-33AFB0FC8BC2}.Debug|Any CPU.ActiveCfg = Debug|Any CPU
		{4CAD56B2-7FCE-46CF-A75A-33AFB0FC8BC2}.Debug|Any CPU.Build.0 = Debug|Any CPU
		{4CAD56B2-7FCE-46CF-A75A-33AFB0FC8BC2}.Release|Any CPU.ActiveCfg = Release|Any CPU
		{4CAD56B2-7FCE-46CF-A75A-33AFB0FC8BC2}.Release|Any CPU.Build.0 = Release|Any CPU
		{DE9BA521-84CA-4BE1-92D4-7150524838F9}.Debug|Any CPU.ActiveCfg = Debug|Any CPU
		{DE9BA521-84CA-4BE1-92D4-7150524838F9}.Debug|Any CPU.Build.0 = Debug|Any CPU
		{DE9BA521-84CA-4BE1-92D4-7150524838F9}.Release|Any CPU.ActiveCfg = Release|Any CPU
		{DE9BA521-84CA-4BE1-92D4-7150524838F9}.Release|Any CPU.Build.0 = Release|Any CPU
		{4B8FF2CA-EA95-4883-A8B7-55BD0492702F}.Debug|Any CPU.ActiveCfg = Debug|Any CPU
		{4B8FF2CA-EA95-4883-A8B7-55BD0492702F}.Debug|Any CPU.Build.0 = Debug|Any CPU
		{4B8FF2CA-EA95-4883-A8B7-55BD0492702F}.Release|Any CPU.ActiveCfg = Release|Any CPU
		{4B8FF2CA-EA95-4883-A8B7-55BD0492702F}.Release|Any CPU.Build.0 = Release|Any CPU
		{AD6B8E8F-2850-46E3-8B0F-1530ACD95DFA}.Debug|Any CPU.ActiveCfg = Debug|Any CPU
		{AD6B8E8F-2850-46E3-8B0F-1530ACD95DFA}.Debug|Any CPU.Build.0 = Debug|Any CPU
		{AD6B8E8F-2850-46E3-8B0F-1530ACD95DFA}.Release|Any CPU.ActiveCfg = Release|Any CPU
		{AD6B8E8F-2850-46E3-8B0F-1530ACD95DFA}.Release|Any CPU.Build.0 = Release|Any CPU
		{5A796014-FE94-494A-A33E-FF321D69329C}.Debug|Any CPU.ActiveCfg = Debug|Any CPU
		{5A796014-FE94-494A-A33E-FF321D69329C}.Debug|Any CPU.Build.0 = Debug|Any CPU
		{5A796014-FE94-494A-A33E-FF321D69329C}.Release|Any CPU.ActiveCfg = Release|Any CPU
		{5A796014-FE94-494A-A33E-FF321D69329C}.Release|Any CPU.Build.0 = Release|Any CPU
		{69C10372-76E7-4DA5-93C0-DBCC5FF6DAA1}.Debug|Any CPU.ActiveCfg = Debug|Any CPU
		{69C10372-76E7-4DA5-93C0-DBCC5FF6DAA1}.Debug|Any CPU.Build.0 = Debug|Any CPU
		{69C10372-76E7-4DA5-93C0-DBCC5FF6DAA1}.Release|Any CPU.ActiveCfg = Release|Any CPU
		{69C10372-76E7-4DA5-93C0-DBCC5FF6DAA1}.Release|Any CPU.Build.0 = Release|Any CPU
		{83C37C47-5777-4D0F-B337-20D426F5D449}.Debug|Any CPU.ActiveCfg = Debug|Any CPU
		{83C37C47-5777-4D0F-B337-20D426F5D449}.Debug|Any CPU.Build.0 = Debug|Any CPU
		{83C37C47-5777-4D0F-B337-20D426F5D449}.Release|Any CPU.ActiveCfg = Release|Any CPU
		{83C37C47-5777-4D0F-B337-20D426F5D449}.Release|Any CPU.Build.0 = Release|Any CPU
	EndGlobalSection
	GlobalSection(SolutionProperties) = preSolution
		HideSolutionNode = FALSE
	EndGlobalSection
	GlobalSection(ExtensibilityGlobals) = postSolution
		SolutionGuid = {2E8AAC86-D73E-483B-87DD-0DFC2BAB806F}
	EndGlobalSection
EndGlobal
