
Microsoft Visual Studio Solution File, Format Version 12.00
# Visual Studio Version 16
VisualStudioVersion = 16.0.30204.135
MinimumVisualStudioVersion = 10.0.40219.1
Project("{FAE04EC0-301F-11D3-BF4B-00C04F79EFBC}") = "WebAPI-EF", "WebAPI-EF\WebAPI-EF.csproj", "{816AFC85-6496-4A5C-A9AE-73352674B45A}"
EndProject
Global
	GlobalSection(SolutionConfigurationPlatforms) = preSolution
		Debug|Any CPU = Debug|Any CPU
		Release|Any CPU = Release|Any CPU
	EndGlobalSection
	GlobalSection(ProjectConfigurationPlatforms) = postSolution
		{816AFC85-6496-4A5C-A9AE-73352674B45A}.Debug|Any CPU.ActiveCfg = Debug|Any CPU
		{816AFC85-6496-4A5C-A9AE-73352674B45A}.Debug|Any CPU.Build.0 = Debug|Any CPU
		{816AFC85-6496-4A5C-A9AE-73352674B45A}.Release|Any CPU.ActiveCfg = Release|Any CPU
		{816AFC85-6496-4A5C-A9AE-73352674B45A}.Release|Any CPU.Build.0 = Release|Any CPU
	EndGlobalSection
	GlobalSection(SolutionProperties) = preSolution
		HideSolutionNode = FALSE
	EndGlobalSection
	GlobalSection(ExtensibilityGlobals) = postSolution
		SolutionGuid = {1A8297BA-9ECB-4FC9-B6E0-6EBE2D662A2B}
	EndGlobalSection
EndGlobal
