
Microsoft Visual Studio Solution File, Format Version 12.00
# Visual Studio Version 16
VisualStudioVersion = 16.0.30204.135
MinimumVisualStudioVersion = 10.0.40219.1
Project("{9A19103F-16F7-4668-BE54-9A1E7A4F7556}") = "SpacesInCapitals", "String-Spaces_Anagram\SpacesInCapitals.csproj", "{2138FC97-750C-41EC-BAEA-A4A7C8D3E323}"
EndProject
Project("{9A19103F-16F7-4668-BE54-9A1E7A4F7556}") = "FirstLetterOfWord", "FirstLetterOfWord\FirstLetterOfWord.csproj", "{6D3E50CB-1E9B-4EC1-8C5B-2B4180C711DB}"
EndProject
Project("{9A19103F-16F7-4668-BE54-9A1E7A4F7556}") = "SpacesBetweenChars", "SpacesBetweenChars\SpacesBetweenChars.csproj", "{40A248A0-07DE-4003-8C11-82D04DD066D6}"
EndProject
Project("{9A19103F-16F7-4668-BE54-9A1E7A4F7556}") = "AnagramCheck", "AnagramCheck\AnagramCheck.csproj", "{0C0199B1-10A4-4EB6-810D-61CE7F339F37}"
EndProject
Project("{2150E333-8FDC-42A3-9474-1A3956D46DE8}") = "Doubts", "Doubts", "{E848F1E3-10E3-4112-82A5-053EB2DEE8A6}"
	ProjectSection(SolutionItems) = preProject
		Doubts.txt = Doubts.txt
	EndProjectSection
EndProject
Project("{9A19103F-16F7-4668-BE54-9A1E7A4F7556}") = "Anagram-Min.Manipulation", "PrintAlAnagrams\Anagram-Min.Manipulation.csproj", "{0215FFA5-50B2-49F0-86E7-03AF19134311}"
EndProject
Project("{9A19103F-16F7-4668-BE54-9A1E7A4F7556}") = "SubstringsAnagram", "CheckAnagram\SubstringsAnagram.csproj", "{03858E53-995E-4F08-BF58-B84133A78EFA}"
EndProject
Project("{9A19103F-16F7-4668-BE54-9A1E7A4F7556}") = "Anagram-RemoveChars", "Anagram-RemoveChars\Anagram-RemoveChars.csproj", "{54D7B5BB-6BD8-4FF6-B6B2-27F40B61E601}"
EndProject
Project("{9A19103F-16F7-4668-BE54-9A1E7A4F7556}") = "PrintAllAnagrams", "PrintAllAnagrams\PrintAllAnagrams.csproj", "{14AD017E-D91E-4FA8-85B9-EF87CD81F9FC}"
EndProject
Project("{9A19103F-16F7-4668-BE54-9A1E7A4F7556}") = "AlienDictionary", "AlienDictionary\AlienDictionary.csproj", "{DFA77F33-08EE-4433-BA26-A6D45517A4E0}"
EndProject
Project("{9A19103F-16F7-4668-BE54-9A1E7A4F7556}") = "RearrangeSum", "RearrangeSum\RearrangeSum.csproj", "{18350ED7-DACB-4418-8995-1D808812D199}"
EndProject
Project("{9A19103F-16F7-4668-BE54-9A1E7A4F7556}") = "Permutation", "Permutation\Permutation.csproj", "{48C9B9F3-81B5-42E6-B7CC-65E5C69F7BC9}"
EndProject
Project("{9A19103F-16F7-4668-BE54-9A1E7A4F7556}") = "SearchArrayOfSortedStrings", "SearchArrayOfSortedStrings\SearchArrayOfSortedStrings.csproj", "{B4BA30A9-EB52-4F82-8918-0DB17C5DA5D4}"
EndProject
Project("{FAE04EC0-301F-11D3-BF4B-00C04F79EFBC}") = "lowerCaseBetweenCapitals", "lowerCaseBetweenCapitals\lowerCaseBetweenCapitals.csproj", "{F8C634B1-3E8B-40D9-BAF0-9218C0E41426}"
EndProject
Global
	GlobalSection(SolutionConfigurationPlatforms) = preSolution
		Debug|Any CPU = Debug|Any CPU
		Release|Any CPU = Release|Any CPU
	EndGlobalSection
	GlobalSection(ProjectConfigurationPlatforms) = postSolution
		{2138FC97-750C-41EC-BAEA-A4A7C8D3E323}.Debug|Any CPU.ActiveCfg = Debug|Any CPU
		{2138FC97-750C-41EC-BAEA-A4A7C8D3E323}.Debug|Any CPU.Build.0 = Debug|Any CPU
		{2138FC97-750C-41EC-BAEA-A4A7C8D3E323}.Release|Any CPU.ActiveCfg = Release|Any CPU
		{2138FC97-750C-41EC-BAEA-A4A7C8D3E323}.Release|Any CPU.Build.0 = Release|Any CPU
		{6D3E50CB-1E9B-4EC1-8C5B-2B4180C711DB}.Debug|Any CPU.ActiveCfg = Debug|Any CPU
		{6D3E50CB-1E9B-4EC1-8C5B-2B4180C711DB}.Debug|Any CPU.Build.0 = Debug|Any CPU
		{6D3E50CB-1E9B-4EC1-8C5B-2B4180C711DB}.Release|Any CPU.ActiveCfg = Release|Any CPU
		{6D3E50CB-1E9B-4EC1-8C5B-2B4180C711DB}.Release|Any CPU.Build.0 = Release|Any CPU
		{40A248A0-07DE-4003-8C11-82D04DD066D6}.Debug|Any CPU.ActiveCfg = Debug|Any CPU
		{40A248A0-07DE-4003-8C11-82D04DD066D6}.Debug|Any CPU.Build.0 = Debug|Any CPU
		{40A248A0-07DE-4003-8C11-82D04DD066D6}.Release|Any CPU.ActiveCfg = Release|Any CPU
		{40A248A0-07DE-4003-8C11-82D04DD066D6}.Release|Any CPU.Build.0 = Release|Any CPU
		{0C0199B1-10A4-4EB6-810D-61CE7F339F37}.Debug|Any CPU.ActiveCfg = Debug|Any CPU
		{0C0199B1-10A4-4EB6-810D-61CE7F339F37}.Debug|Any CPU.Build.0 = Debug|Any CPU
		{0C0199B1-10A4-4EB6-810D-61CE7F339F37}.Release|Any CPU.ActiveCfg = Release|Any CPU
		{0C0199B1-10A4-4EB6-810D-61CE7F339F37}.Release|Any CPU.Build.0 = Release|Any CPU
		{0215FFA5-50B2-49F0-86E7-03AF19134311}.Debug|Any CPU.ActiveCfg = Debug|Any CPU
		{0215FFA5-50B2-49F0-86E7-03AF19134311}.Debug|Any CPU.Build.0 = Debug|Any CPU
		{0215FFA5-50B2-49F0-86E7-03AF19134311}.Release|Any CPU.ActiveCfg = Release|Any CPU
		{0215FFA5-50B2-49F0-86E7-03AF19134311}.Release|Any CPU.Build.0 = Release|Any CPU
		{03858E53-995E-4F08-BF58-B84133A78EFA}.Debug|Any CPU.ActiveCfg = Debug|Any CPU
		{03858E53-995E-4F08-BF58-B84133A78EFA}.Debug|Any CPU.Build.0 = Debug|Any CPU
		{03858E53-995E-4F08-BF58-B84133A78EFA}.Release|Any CPU.ActiveCfg = Release|Any CPU
		{03858E53-995E-4F08-BF58-B84133A78EFA}.Release|Any CPU.Build.0 = Release|Any CPU
		{54D7B5BB-6BD8-4FF6-B6B2-27F40B61E601}.Debug|Any CPU.ActiveCfg = Debug|Any CPU
		{54D7B5BB-6BD8-4FF6-B6B2-27F40B61E601}.Debug|Any CPU.Build.0 = Debug|Any CPU
		{54D7B5BB-6BD8-4FF6-B6B2-27F40B61E601}.Release|Any CPU.ActiveCfg = Release|Any CPU
		{54D7B5BB-6BD8-4FF6-B6B2-27F40B61E601}.Release|Any CPU.Build.0 = Release|Any CPU
		{14AD017E-D91E-4FA8-85B9-EF87CD81F9FC}.Debug|Any CPU.ActiveCfg = Debug|Any CPU
		{14AD017E-D91E-4FA8-85B9-EF87CD81F9FC}.Debug|Any CPU.Build.0 = Debug|Any CPU
		{14AD017E-D91E-4FA8-85B9-EF87CD81F9FC}.Release|Any CPU.ActiveCfg = Release|Any CPU
		{14AD017E-D91E-4FA8-85B9-EF87CD81F9FC}.Release|Any CPU.Build.0 = Release|Any CPU
		{DFA77F33-08EE-4433-BA26-A6D45517A4E0}.Debug|Any CPU.ActiveCfg = Debug|Any CPU
		{DFA77F33-08EE-4433-BA26-A6D45517A4E0}.Debug|Any CPU.Build.0 = Debug|Any CPU
		{DFA77F33-08EE-4433-BA26-A6D45517A4E0}.Release|Any CPU.ActiveCfg = Release|Any CPU
		{DFA77F33-08EE-4433-BA26-A6D45517A4E0}.Release|Any CPU.Build.0 = Release|Any CPU
		{18350ED7-DACB-4418-8995-1D808812D199}.Debug|Any CPU.ActiveCfg = Debug|Any CPU
		{18350ED7-DACB-4418-8995-1D808812D199}.Debug|Any CPU.Build.0 = Debug|Any CPU
		{18350ED7-DACB-4418-8995-1D808812D199}.Release|Any CPU.ActiveCfg = Release|Any CPU
		{18350ED7-DACB-4418-8995-1D808812D199}.Release|Any CPU.Build.0 = Release|Any CPU
		{48C9B9F3-81B5-42E6-B7CC-65E5C69F7BC9}.Debug|Any CPU.ActiveCfg = Debug|Any CPU
		{48C9B9F3-81B5-42E6-B7CC-65E5C69F7BC9}.Debug|Any CPU.Build.0 = Debug|Any CPU
		{48C9B9F3-81B5-42E6-B7CC-65E5C69F7BC9}.Release|Any CPU.ActiveCfg = Release|Any CPU
		{48C9B9F3-81B5-42E6-B7CC-65E5C69F7BC9}.Release|Any CPU.Build.0 = Release|Any CPU
		{B4BA30A9-EB52-4F82-8918-0DB17C5DA5D4}.Debug|Any CPU.ActiveCfg = Debug|Any CPU
		{B4BA30A9-EB52-4F82-8918-0DB17C5DA5D4}.Debug|Any CPU.Build.0 = Debug|Any CPU
		{B4BA30A9-EB52-4F82-8918-0DB17C5DA5D4}.Release|Any CPU.ActiveCfg = Release|Any CPU
		{B4BA30A9-EB52-4F82-8918-0DB17C5DA5D4}.Release|Any CPU.Build.0 = Release|Any CPU
		{F8C634B1-3E8B-40D9-BAF0-9218C0E41426}.Debug|Any CPU.ActiveCfg = Debug|Any CPU
		{F8C634B1-3E8B-40D9-BAF0-9218C0E41426}.Debug|Any CPU.Build.0 = Debug|Any CPU
		{F8C634B1-3E8B-40D9-BAF0-9218C0E41426}.Release|Any CPU.ActiveCfg = Release|Any CPU
		{F8C634B1-3E8B-40D9-BAF0-9218C0E41426}.Release|Any CPU.Build.0 = Release|Any CPU
	EndGlobalSection
	GlobalSection(SolutionProperties) = preSolution
		HideSolutionNode = FALSE
	EndGlobalSection
	GlobalSection(ExtensibilityGlobals) = postSolution
		SolutionGuid = {5AD919C1-2A27-4A91-B316-C7520896738F}
	EndGlobalSection
EndGlobal
