
Microsoft Visual Studio Solution File, Format Version 12.00
# Visual Studio Version 16
VisualStudioVersion = 16.0.30204.135
MinimumVisualStudioVersion = 10.0.40219.1
Project("{FAE04EC0-301F-11D3-BF4B-00C04F79EFBC}") = "SpacesInCapitals", "String-Spaces_Anagram\SpacesInCapitals.csproj", "{2138FC97-750C-41EC-BAEA-A4A7C8D3E323}"
EndProject
Project("{FAE04EC0-301F-11D3-BF4B-00C04F79EFBC}") = "FirstLetterOfWord", "FirstLetterOfWord\FirstLetterOfWord.csproj", "{6D3E50CB-1E9B-4EC1-8C5B-2B4180C711DB}"
EndProject
Global
	GlobalSection(SolutionConfigurationPlatforms) = preSolution
		Debug|Any CPU = Debug|Any CPU
		Release|Any CPU = Release|Any CPU
	EndGlobalSection
	GlobalSection(ProjectConfigurationPlatforms) = postSolution
		{2138FC97-750C-41EC-BAEA-A4A7C8D3E323}.Debug|Any CPU.ActiveCfg = Debug|Any CPU
		{2138FC97-750C-41EC-BAEA-A4A7C8D3E323}.Debug|Any CPU.Build.0 = Debug|Any CPU
		{2138FC97-750C-41EC-BAEA-A4A7C8D3E323}.Release|Any CPU.ActiveCfg = Release|Any CPU
		{2138FC97-750C-41EC-BAEA-A4A7C8D3E323}.Release|Any CPU.Build.0 = Release|Any CPU
		{6D3E50CB-1E9B-4EC1-8C5B-2B4180C711DB}.Debug|Any CPU.ActiveCfg = Debug|Any CPU
		{6D3E50CB-1E9B-4EC1-8C5B-2B4180C711DB}.Debug|Any CPU.Build.0 = Debug|Any CPU
		{6D3E50CB-1E9B-4EC1-8C5B-2B4180C711DB}.Release|Any CPU.ActiveCfg = Release|Any CPU
		{6D3E50CB-1E9B-4EC1-8C5B-2B4180C711DB}.Release|Any CPU.Build.0 = Release|Any CPU
	EndGlobalSection
	GlobalSection(SolutionProperties) = preSolution
		HideSolutionNode = FALSE
	EndGlobalSection
	GlobalSection(ExtensibilityGlobals) = postSolution
		SolutionGuid = {5AD919C1-2A27-4A91-B316-C7520896738F}
	EndGlobalSection
EndGlobal
