
Microsoft Visual Studio Solution File, Format Version 12.00
# Visual Studio Version 16
VisualStudioVersion = 16.0.30002.166
MinimumVisualStudioVersion = 10.0.40219.1
Project("{9A19103F-16F7-4668-BE54-9A1E7A4F7556}") = "RotateArray", "RotateArray\RotateArray.csproj", "{C6E9A04E-570B-4916-A062-F49500C44103}"
EndProject
Project("{2150E333-8FDC-42A3-9474-1A3956D46DE8}") = "Solution Items", "Solution Items", "{C96AC8ED-312D-4860-A19B-9DEA77A05507}"
	ProjectSection(SolutionItems) = preProject
		TextFile1.txt = TextFile1.txt
	EndProjectSection
EndProject
Project("{FAE04EC0-301F-11D3-BF4B-00C04F79EFBC}") = "SearchRotatedArray", "SearchRotatedArray\SearchRotatedArray.csproj", "{8DF383F0-559B-4BA6-B8BB-58A41CCCAD47}"
EndProject
Project("{FAE04EC0-301F-11D3-BF4B-00C04F79EFBC}") = "Search_Insert_UpdateArray", "Search_Insert_UpdateArray\Search_Insert_UpdateArray.csproj", "{7B4A99C9-86DF-48C5-97B7-5F163F74AB01}"
EndProject
Project("{FAE04EC0-301F-11D3-BF4B-00C04F79EFBC}") = "BinarySearch", "BinarySearch\BinarySearch.csproj", "{BEEAC667-C5E1-4CEC-9D34-E87BBB8168B4}"
EndProject
Global
	GlobalSection(SolutionConfigurationPlatforms) = preSolution
		Debug|Any CPU = Debug|Any CPU
		Release|Any CPU = Release|Any CPU
	EndGlobalSection
	GlobalSection(ProjectConfigurationPlatforms) = postSolution
		{C6E9A04E-570B-4916-A062-F49500C44103}.Debug|Any CPU.ActiveCfg = Debug|Any CPU
		{C6E9A04E-570B-4916-A062-F49500C44103}.Debug|Any CPU.Build.0 = Debug|Any CPU
		{C6E9A04E-570B-4916-A062-F49500C44103}.Release|Any CPU.ActiveCfg = Release|Any CPU
		{C6E9A04E-570B-4916-A062-F49500C44103}.Release|Any CPU.Build.0 = Release|Any CPU
		{8DF383F0-559B-4BA6-B8BB-58A41CCCAD47}.Debug|Any CPU.ActiveCfg = Debug|Any CPU
		{8DF383F0-559B-4BA6-B8BB-58A41CCCAD47}.Debug|Any CPU.Build.0 = Debug|Any CPU
		{8DF383F0-559B-4BA6-B8BB-58A41CCCAD47}.Release|Any CPU.ActiveCfg = Release|Any CPU
		{8DF383F0-559B-4BA6-B8BB-58A41CCCAD47}.Release|Any CPU.Build.0 = Release|Any CPU
		{7B4A99C9-86DF-48C5-97B7-5F163F74AB01}.Debug|Any CPU.ActiveCfg = Debug|Any CPU
		{7B4A99C9-86DF-48C5-97B7-5F163F74AB01}.Debug|Any CPU.Build.0 = Debug|Any CPU
		{7B4A99C9-86DF-48C5-97B7-5F163F74AB01}.Release|Any CPU.ActiveCfg = Release|Any CPU
		{7B4A99C9-86DF-48C5-97B7-5F163F74AB01}.Release|Any CPU.Build.0 = Release|Any CPU
		{BEEAC667-C5E1-4CEC-9D34-E87BBB8168B4}.Debug|Any CPU.ActiveCfg = Debug|Any CPU
		{BEEAC667-C5E1-4CEC-9D34-E87BBB8168B4}.Debug|Any CPU.Build.0 = Debug|Any CPU
		{BEEAC667-C5E1-4CEC-9D34-E87BBB8168B4}.Release|Any CPU.ActiveCfg = Release|Any CPU
		{BEEAC667-C5E1-4CEC-9D34-E87BBB8168B4}.Release|Any CPU.Build.0 = Release|Any CPU
	EndGlobalSection
	GlobalSection(SolutionProperties) = preSolution
		HideSolutionNode = FALSE
	EndGlobalSection
	GlobalSection(ExtensibilityGlobals) = postSolution
		SolutionGuid = {E5C67986-4C07-489D-BA6F-06D004740CBE}
	EndGlobalSection
EndGlobal
