
Microsoft Visual Studio Solution File, Format Version 12.00
# Visual Studio Version 16
VisualStudioVersion = 16.0.30002.166
MinimumVisualStudioVersion = 10.0.40219.1
Project("{9A19103F-16F7-4668-BE54-9A1E7A4F7556}") = "RotateArray", "RotateArray\RotateArray.csproj", "{C6E9A04E-570B-4916-A062-F49500C44103}"
EndProject
Project("{2150E333-8FDC-42A3-9474-1A3956D46DE8}") = "Solution Items", "Solution Items", "{C96AC8ED-312D-4860-A19B-9DEA77A05507}"
	ProjectSection(SolutionItems) = preProject
		BlogContent.txt = BlogContent.txt
		ToDos.txt = ToDos.txt
	EndProjectSection
EndProject
Project("{9A19103F-16F7-4668-BE54-9A1E7A4F7556}") = "SearchRotatedArray", "SearchRotatedArray\SearchRotatedArray.csproj", "{8DF383F0-559B-4BA6-B8BB-58A41CCCAD47}"
EndProject
Project("{9A19103F-16F7-4668-BE54-9A1E7A4F7556}") = "SearchSumInRotatedArray", "SearchSumInRotatedArray\SearchSumInRotatedArray.csproj", "{CCC8F09E-C74F-4BFE-8BAE-47783A81DE6E}"
EndProject
Project("{9A19103F-16F7-4668-BE54-9A1E7A4F7556}") = "Search_Insert_UpdateArray", "Search_Insert_UpdateArray\Search_Insert_UpdateArray.csproj", "{7B4A99C9-86DF-48C5-97B7-5F163F74AB01}"
EndProject
Project("{9A19103F-16F7-4668-BE54-9A1E7A4F7556}") = "BinarySearch", "BinarySearch\BinarySearch.csproj", "{BEEAC667-C5E1-4CEC-9D34-E87BBB8168B4}"
EndProject
Project("{9A19103F-16F7-4668-BE54-9A1E7A4F7556}") = "IntersectionOFArrays", "IntersectionOFArrays\IntersectionOFArrays.csproj", "{BD26BD25-1F24-4C3E-A3CF-18CADD916B91}"
EndProject
Project("{9A19103F-16F7-4668-BE54-9A1E7A4F7556}") = "CheckForSum-QuickSort", "CheckForSum-QuickSort\CheckForSum-QuickSort.csproj", "{0649C49F-29DF-4789-85CB-F1F6BF345964}"
EndProject
Project("{9A19103F-16F7-4668-BE54-9A1E7A4F7556}") = "CommonIn3Arrays", "CommonIn3Arrays\CommonIn3Arrays.csproj", "{9425FEEF-DB9A-4389-A419-F51D3D2A4E84}"
EndProject
Project("{9A19103F-16F7-4668-BE54-9A1E7A4F7556}") = "DuplicatesInArray", "DuplicatesInArray\DuplicatesInArray.csproj", "{E51B6E8C-ECBE-4957-969F-8DC80C55CF45}"
EndProject
Project("{9A19103F-16F7-4668-BE54-9A1E7A4F7556}") = "FindElementAppearingOnce", "FindElementAppearingOnce\FindElementAppearingOnce.csproj", "{455AC286-8FE1-4824-B1A0-27F17D99473B}"
EndProject
Project("{9A19103F-16F7-4668-BE54-9A1E7A4F7556}") = "MaxSubArray", "MaxSubArray\MaxSubArray.csproj", "{2AA4857B-69C4-4BC9-BCD7-CC6DAB291918}"
EndProject
Project("{9A19103F-16F7-4668-BE54-9A1E7A4F7556}") = "EquilibriumIndex", "EquilibriumIndex\EquilibriumIndex.csproj", "{689111B1-4C51-41F4-9A4C-783FE8D90888}"
EndProject
Project("{9A19103F-16F7-4668-BE54-9A1E7A4F7556}") = "LeadersInArray", "LeadersInArray\LeadersInArray.csproj", "{937FC6F8-3EAA-48C4-9506-86D74479FF47}"
EndProject
Project("{9A19103F-16F7-4668-BE54-9A1E7A4F7556}") = "MajorityElement", "MajorityElement\MajorityElement.csproj", "{14841081-3CC9-4664-9D3F-DD49BDA505C8}"
EndProject
Project("{9A19103F-16F7-4668-BE54-9A1E7A4F7556}") = "PeakElement", "PeakElement\PeakElement.csproj", "{4F44C7B6-18B3-4230-A8DA-0A0D05903773}"
EndProject
Project("{9A19103F-16F7-4668-BE54-9A1E7A4F7556}") = "2RepeatingElements", "2RepeatingElements\2RepeatingElements.csproj", "{BCB32B3C-720F-4E25-814F-D412F9B90D57}"
EndProject
Project("{9A19103F-16F7-4668-BE54-9A1E7A4F7556}") = "FixedPointElement", "FixedPointElement\FixedPointElement.csproj", "{18C1A5F5-B52B-4B28-A1E6-7567FA9CCB70}"
EndProject
Project("{FAE04EC0-301F-11D3-BF4B-00C04F79EFBC}") = "Find_IfSumIsInSubarray", "Find_IfSumIsInSubarray\Find_IfSumIsInSubarray.csproj", "{834AE1A1-8619-4D07-94D3-4F4FA07962BC}"
EndProject
Project("{FAE04EC0-301F-11D3-BF4B-00C04F79EFBC}") = "EquilibriumSum", "EquilibriumSum\EquilibriumSum.csproj", "{56ECE719-C3D9-4D9D-A227-95E43D091DC9}"
EndProject
Global
	GlobalSection(SolutionConfigurationPlatforms) = preSolution
		Debug|Any CPU = Debug|Any CPU
		Release|Any CPU = Release|Any CPU
	EndGlobalSection
	GlobalSection(ProjectConfigurationPlatforms) = postSolution
		{C6E9A04E-570B-4916-A062-F49500C44103}.Debug|Any CPU.ActiveCfg = Debug|Any CPU
		{C6E9A04E-570B-4916-A062-F49500C44103}.Debug|Any CPU.Build.0 = Debug|Any CPU
		{C6E9A04E-570B-4916-A062-F49500C44103}.Release|Any CPU.ActiveCfg = Release|Any CPU
		{C6E9A04E-570B-4916-A062-F49500C44103}.Release|Any CPU.Build.0 = Release|Any CPU
		{8DF383F0-559B-4BA6-B8BB-58A41CCCAD47}.Debug|Any CPU.ActiveCfg = Debug|Any CPU
		{8DF383F0-559B-4BA6-B8BB-58A41CCCAD47}.Debug|Any CPU.Build.0 = Debug|Any CPU
		{8DF383F0-559B-4BA6-B8BB-58A41CCCAD47}.Release|Any CPU.ActiveCfg = Release|Any CPU
		{8DF383F0-559B-4BA6-B8BB-58A41CCCAD47}.Release|Any CPU.Build.0 = Release|Any CPU
		{CCC8F09E-C74F-4BFE-8BAE-47783A81DE6E}.Debug|Any CPU.ActiveCfg = Debug|Any CPU
		{CCC8F09E-C74F-4BFE-8BAE-47783A81DE6E}.Debug|Any CPU.Build.0 = Debug|Any CPU
		{CCC8F09E-C74F-4BFE-8BAE-47783A81DE6E}.Release|Any CPU.ActiveCfg = Release|Any CPU
		{CCC8F09E-C74F-4BFE-8BAE-47783A81DE6E}.Release|Any CPU.Build.0 = Release|Any CPU
		{7B4A99C9-86DF-48C5-97B7-5F163F74AB01}.Debug|Any CPU.ActiveCfg = Debug|Any CPU
		{7B4A99C9-86DF-48C5-97B7-5F163F74AB01}.Debug|Any CPU.Build.0 = Debug|Any CPU
		{7B4A99C9-86DF-48C5-97B7-5F163F74AB01}.Release|Any CPU.ActiveCfg = Release|Any CPU
		{7B4A99C9-86DF-48C5-97B7-5F163F74AB01}.Release|Any CPU.Build.0 = Release|Any CPU
		{BEEAC667-C5E1-4CEC-9D34-E87BBB8168B4}.Debug|Any CPU.ActiveCfg = Debug|Any CPU
		{BEEAC667-C5E1-4CEC-9D34-E87BBB8168B4}.Debug|Any CPU.Build.0 = Debug|Any CPU
		{BEEAC667-C5E1-4CEC-9D34-E87BBB8168B4}.Release|Any CPU.ActiveCfg = Release|Any CPU
		{BEEAC667-C5E1-4CEC-9D34-E87BBB8168B4}.Release|Any CPU.Build.0 = Release|Any CPU
		{BD26BD25-1F24-4C3E-A3CF-18CADD916B91}.Debug|Any CPU.ActiveCfg = Debug|Any CPU
		{BD26BD25-1F24-4C3E-A3CF-18CADD916B91}.Debug|Any CPU.Build.0 = Debug|Any CPU
		{BD26BD25-1F24-4C3E-A3CF-18CADD916B91}.Release|Any CPU.ActiveCfg = Release|Any CPU
		{BD26BD25-1F24-4C3E-A3CF-18CADD916B91}.Release|Any CPU.Build.0 = Release|Any CPU
		{0649C49F-29DF-4789-85CB-F1F6BF345964}.Debug|Any CPU.ActiveCfg = Debug|Any CPU
		{0649C49F-29DF-4789-85CB-F1F6BF345964}.Debug|Any CPU.Build.0 = Debug|Any CPU
		{0649C49F-29DF-4789-85CB-F1F6BF345964}.Release|Any CPU.ActiveCfg = Release|Any CPU
		{0649C49F-29DF-4789-85CB-F1F6BF345964}.Release|Any CPU.Build.0 = Release|Any CPU
		{9425FEEF-DB9A-4389-A419-F51D3D2A4E84}.Debug|Any CPU.ActiveCfg = Debug|Any CPU
		{9425FEEF-DB9A-4389-A419-F51D3D2A4E84}.Debug|Any CPU.Build.0 = Debug|Any CPU
		{9425FEEF-DB9A-4389-A419-F51D3D2A4E84}.Release|Any CPU.ActiveCfg = Release|Any CPU
		{9425FEEF-DB9A-4389-A419-F51D3D2A4E84}.Release|Any CPU.Build.0 = Release|Any CPU
		{E51B6E8C-ECBE-4957-969F-8DC80C55CF45}.Debug|Any CPU.ActiveCfg = Debug|Any CPU
		{E51B6E8C-ECBE-4957-969F-8DC80C55CF45}.Debug|Any CPU.Build.0 = Debug|Any CPU
		{E51B6E8C-ECBE-4957-969F-8DC80C55CF45}.Release|Any CPU.ActiveCfg = Release|Any CPU
		{E51B6E8C-ECBE-4957-969F-8DC80C55CF45}.Release|Any CPU.Build.0 = Release|Any CPU
		{455AC286-8FE1-4824-B1A0-27F17D99473B}.Debug|Any CPU.ActiveCfg = Debug|Any CPU
		{455AC286-8FE1-4824-B1A0-27F17D99473B}.Debug|Any CPU.Build.0 = Debug|Any CPU
		{455AC286-8FE1-4824-B1A0-27F17D99473B}.Release|Any CPU.ActiveCfg = Release|Any CPU
		{455AC286-8FE1-4824-B1A0-27F17D99473B}.Release|Any CPU.Build.0 = Release|Any CPU
		{2AA4857B-69C4-4BC9-BCD7-CC6DAB291918}.Debug|Any CPU.ActiveCfg = Debug|Any CPU
		{2AA4857B-69C4-4BC9-BCD7-CC6DAB291918}.Debug|Any CPU.Build.0 = Debug|Any CPU
		{2AA4857B-69C4-4BC9-BCD7-CC6DAB291918}.Release|Any CPU.ActiveCfg = Release|Any CPU
		{2AA4857B-69C4-4BC9-BCD7-CC6DAB291918}.Release|Any CPU.Build.0 = Release|Any CPU
		{689111B1-4C51-41F4-9A4C-783FE8D90888}.Debug|Any CPU.ActiveCfg = Debug|Any CPU
		{689111B1-4C51-41F4-9A4C-783FE8D90888}.Debug|Any CPU.Build.0 = Debug|Any CPU
		{689111B1-4C51-41F4-9A4C-783FE8D90888}.Release|Any CPU.ActiveCfg = Release|Any CPU
		{689111B1-4C51-41F4-9A4C-783FE8D90888}.Release|Any CPU.Build.0 = Release|Any CPU
		{937FC6F8-3EAA-48C4-9506-86D74479FF47}.Debug|Any CPU.ActiveCfg = Debug|Any CPU
		{937FC6F8-3EAA-48C4-9506-86D74479FF47}.Debug|Any CPU.Build.0 = Debug|Any CPU
		{937FC6F8-3EAA-48C4-9506-86D74479FF47}.Release|Any CPU.ActiveCfg = Release|Any CPU
		{937FC6F8-3EAA-48C4-9506-86D74479FF47}.Release|Any CPU.Build.0 = Release|Any CPU
		{14841081-3CC9-4664-9D3F-DD49BDA505C8}.Debug|Any CPU.ActiveCfg = Debug|Any CPU
		{14841081-3CC9-4664-9D3F-DD49BDA505C8}.Debug|Any CPU.Build.0 = Debug|Any CPU
		{14841081-3CC9-4664-9D3F-DD49BDA505C8}.Release|Any CPU.ActiveCfg = Release|Any CPU
		{14841081-3CC9-4664-9D3F-DD49BDA505C8}.Release|Any CPU.Build.0 = Release|Any CPU
		{4F44C7B6-18B3-4230-A8DA-0A0D05903773}.Debug|Any CPU.ActiveCfg = Debug|Any CPU
		{4F44C7B6-18B3-4230-A8DA-0A0D05903773}.Debug|Any CPU.Build.0 = Debug|Any CPU
		{4F44C7B6-18B3-4230-A8DA-0A0D05903773}.Release|Any CPU.ActiveCfg = Release|Any CPU
		{4F44C7B6-18B3-4230-A8DA-0A0D05903773}.Release|Any CPU.Build.0 = Release|Any CPU
		{BCB32B3C-720F-4E25-814F-D412F9B90D57}.Debug|Any CPU.ActiveCfg = Debug|Any CPU
		{BCB32B3C-720F-4E25-814F-D412F9B90D57}.Debug|Any CPU.Build.0 = Debug|Any CPU
		{BCB32B3C-720F-4E25-814F-D412F9B90D57}.Release|Any CPU.ActiveCfg = Release|Any CPU
		{BCB32B3C-720F-4E25-814F-D412F9B90D57}.Release|Any CPU.Build.0 = Release|Any CPU
		{18C1A5F5-B52B-4B28-A1E6-7567FA9CCB70}.Debug|Any CPU.ActiveCfg = Debug|Any CPU
		{18C1A5F5-B52B-4B28-A1E6-7567FA9CCB70}.Debug|Any CPU.Build.0 = Debug|Any CPU
		{18C1A5F5-B52B-4B28-A1E6-7567FA9CCB70}.Release|Any CPU.ActiveCfg = Release|Any CPU
		{18C1A5F5-B52B-4B28-A1E6-7567FA9CCB70}.Release|Any CPU.Build.0 = Release|Any CPU
		{834AE1A1-8619-4D07-94D3-4F4FA07962BC}.Debug|Any CPU.ActiveCfg = Debug|Any CPU
		{834AE1A1-8619-4D07-94D3-4F4FA07962BC}.Debug|Any CPU.Build.0 = Debug|Any CPU
		{834AE1A1-8619-4D07-94D3-4F4FA07962BC}.Release|Any CPU.ActiveCfg = Release|Any CPU
		{834AE1A1-8619-4D07-94D3-4F4FA07962BC}.Release|Any CPU.Build.0 = Release|Any CPU
	EndGlobalSection
	GlobalSection(SolutionProperties) = preSolution
		HideSolutionNode = FALSE
	EndGlobalSection
	GlobalSection(ExtensibilityGlobals) = postSolution
		SolutionGuid = {E5C67986-4C07-489D-BA6F-06D004740CBE}
	EndGlobalSection
EndGlobal
