
Microsoft Visual Studio Solution File, Format Version 12.00
# Visual Studio Version 16
VisualStudioVersion = 16.0.30204.135
MinimumVisualStudioVersion = 10.0.40219.1
Project("{FAE04EC0-301F-11D3-BF4B-00C04F79EFBC}") = "Level_Order Traversal", "Level_Order Traversal\Level_Order Traversal.csproj", "{4977BAE0-E72A-462F-B579-58B27493BC37}"
EndProject
Project("{FAE04EC0-301F-11D3-BF4B-00C04F79EFBC}") = "LevelOrderWithDirectionChange", "LevelOrderWithDirectionChange\LevelOrderWithDirectionChange.csproj", "{EE0257A8-EDFD-4E43-BC1E-E835D39628E5}"
EndProject
Project("{FAE04EC0-301F-11D3-BF4B-00C04F79EFBC}") = "ReverseLevelOrder", "ReverseLevelOrder\ReverseLevelOrder.csproj", "{DB87DE49-F365-4796-977B-0ADEC6AE7803}"
EndProject
Project("{FAE04EC0-301F-11D3-BF4B-00C04F79EFBC}") = "DiagonalTraversal", "DiagonalTraversal\DiagonalTraversal.csproj", "{60A732FE-CCA0-4716-9576-151EF5B4570A}"
EndProject
Project("{FAE04EC0-301F-11D3-BF4B-00C04F79EFBC}") = "BoundaryTraversal", "BoundaryTraversal\BoundaryTraversal.csproj", "{D59AA514-A406-431A-B3B6-12D04F1136BF}"
EndProject
Project("{FAE04EC0-301F-11D3-BF4B-00C04F79EFBC}") = "SpiralOr_Zigzag Traversal", "SpiralOr_Zigzag Traversal\SpiralOr_Zigzag Traversal.csproj", "{52460C0C-F631-48E9-B3F6-507E0D7838A4}"
EndProject
Project("{FAE04EC0-301F-11D3-BF4B-00C04F79EFBC}") = "VerticalTraversal", "VerticalTraversal\VerticalTraversal.csproj", "{E0B3D056-71FF-4D67-B14E-CD012A1983F8}"
EndProject
Global
	GlobalSection(SolutionConfigurationPlatforms) = preSolution
		Debug|Any CPU = Debug|Any CPU
		Release|Any CPU = Release|Any CPU
	EndGlobalSection
	GlobalSection(ProjectConfigurationPlatforms) = postSolution
		{4977BAE0-E72A-462F-B579-58B27493BC37}.Debug|Any CPU.ActiveCfg = Debug|Any CPU
		{4977BAE0-E72A-462F-B579-58B27493BC37}.Debug|Any CPU.Build.0 = Debug|Any CPU
		{4977BAE0-E72A-462F-B579-58B27493BC37}.Release|Any CPU.ActiveCfg = Release|Any CPU
		{4977BAE0-E72A-462F-B579-58B27493BC37}.Release|Any CPU.Build.0 = Release|Any CPU
		{EE0257A8-EDFD-4E43-BC1E-E835D39628E5}.Debug|Any CPU.ActiveCfg = Debug|Any CPU
		{EE0257A8-EDFD-4E43-BC1E-E835D39628E5}.Debug|Any CPU.Build.0 = Debug|Any CPU
		{EE0257A8-EDFD-4E43-BC1E-E835D39628E5}.Release|Any CPU.ActiveCfg = Release|Any CPU
		{EE0257A8-EDFD-4E43-BC1E-E835D39628E5}.Release|Any CPU.Build.0 = Release|Any CPU
		{DB87DE49-F365-4796-977B-0ADEC6AE7803}.Debug|Any CPU.ActiveCfg = Debug|Any CPU
		{DB87DE49-F365-4796-977B-0ADEC6AE7803}.Debug|Any CPU.Build.0 = Debug|Any CPU
		{DB87DE49-F365-4796-977B-0ADEC6AE7803}.Release|Any CPU.ActiveCfg = Release|Any CPU
		{DB87DE49-F365-4796-977B-0ADEC6AE7803}.Release|Any CPU.Build.0 = Release|Any CPU
		{60A732FE-CCA0-4716-9576-151EF5B4570A}.Debug|Any CPU.ActiveCfg = Debug|Any CPU
		{60A732FE-CCA0-4716-9576-151EF5B4570A}.Debug|Any CPU.Build.0 = Debug|Any CPU
		{60A732FE-CCA0-4716-9576-151EF5B4570A}.Release|Any CPU.ActiveCfg = Release|Any CPU
		{60A732FE-CCA0-4716-9576-151EF5B4570A}.Release|Any CPU.Build.0 = Release|Any CPU
		{D59AA514-A406-431A-B3B6-12D04F1136BF}.Debug|Any CPU.ActiveCfg = Debug|Any CPU
		{D59AA514-A406-431A-B3B6-12D04F1136BF}.Debug|Any CPU.Build.0 = Debug|Any CPU
		{D59AA514-A406-431A-B3B6-12D04F1136BF}.Release|Any CPU.ActiveCfg = Release|Any CPU
		{D59AA514-A406-431A-B3B6-12D04F1136BF}.Release|Any CPU.Build.0 = Release|Any CPU
		{52460C0C-F631-48E9-B3F6-507E0D7838A4}.Debug|Any CPU.ActiveCfg = Debug|Any CPU
		{52460C0C-F631-48E9-B3F6-507E0D7838A4}.Debug|Any CPU.Build.0 = Debug|Any CPU
		{52460C0C-F631-48E9-B3F6-507E0D7838A4}.Release|Any CPU.ActiveCfg = Release|Any CPU
		{52460C0C-F631-48E9-B3F6-507E0D7838A4}.Release|Any CPU.Build.0 = Release|Any CPU
		{E0B3D056-71FF-4D67-B14E-CD012A1983F8}.Debug|Any CPU.ActiveCfg = Debug|Any CPU
		{E0B3D056-71FF-4D67-B14E-CD012A1983F8}.Debug|Any CPU.Build.0 = Debug|Any CPU
		{E0B3D056-71FF-4D67-B14E-CD012A1983F8}.Release|Any CPU.ActiveCfg = Release|Any CPU
		{E0B3D056-71FF-4D67-B14E-CD012A1983F8}.Release|Any CPU.Build.0 = Release|Any CPU
	EndGlobalSection
	GlobalSection(SolutionProperties) = preSolution
		HideSolutionNode = FALSE
	EndGlobalSection
	GlobalSection(ExtensibilityGlobals) = postSolution
		SolutionGuid = {24814E19-A11A-45AA-B80D-A2626E9F5718}
	EndGlobalSection
EndGlobal
